
Microsoft Visual Studio Solution File, Format Version 12.00
# Visual Studio Version 16
VisualStudioVersion = 16.0.31205.134
MinimumVisualStudioVersion = 10.0.40219.1
Project("{FAE04EC0-301F-11D3-BF4B-00C04F79EFBC}") = "Teste", "Teste\Teste.csproj", "{F910DF27-24D7-4453-B935-556E2DF6B830}"
EndProject
Global
	GlobalSection(SolutionConfigurationPlatforms) = preSolution
		Debug|Any CPU = Debug|Any CPU
		Release|Any CPU = Release|Any CPU
	EndGlobalSection
	GlobalSection(ProjectConfigurationPlatforms) = postSolution
		{F910DF27-24D7-4453-B935-556E2DF6B830}.Debug|Any CPU.ActiveCfg = Debug|Any CPU
		{F910DF27-24D7-4453-B935-556E2DF6B830}.Debug|Any CPU.Build.0 = Debug|Any CPU
		{F910DF27-24D7-4453-B935-556E2DF6B830}.Release|Any CPU.ActiveCfg = Release|Any CPU
		{F910DF27-24D7-4453-B935-556E2DF6B830}.Release|Any CPU.Build.0 = Release|Any CPU
	EndGlobalSection
	GlobalSection(SolutionProperties) = preSolution
		HideSolutionNode = FALSE
	EndGlobalSection
	GlobalSection(ExtensibilityGlobals) = postSolution
		SolutionGuid = {A549A195-2B8F-401D-97D4-15222C71088D}
	EndGlobalSection
EndGlobal
